// !$*UTF8*$!
{
	archiveVersion = 1;
	classes = {
	};
	objectVersion = 56;
	objects = {

/* Begin PBXBuildFile section */
		1D40F44829CF5DF300FA7762 /* UIBuilder.swift in Sources */ = {isa = PBXBuildFile; fileRef = 1D40F44729CF5DF300FA7762 /* UIBuilder.swift */; };
		1D40F45029D2279D00FA7762 /* HourlyWeatherModel.swift in Sources */ = {isa = PBXBuildFile; fileRef = 1D40F44F29D2279D00FA7762 /* HourlyWeatherModel.swift */; };
		1D7C07F129D34E6C004CA107 /* SharedServices.swift in Sources */ = {isa = PBXBuildFile; fileRef = 1D7C07F029D34E6C004CA107 /* SharedServices.swift */; };
		1D7FC81429A6750F00C32839 /* AppDelegate.swift in Sources */ = {isa = PBXBuildFile; fileRef = 1D7FC81329A6750F00C32839 /* AppDelegate.swift */; };
		1D7FC81629A6750F00C32839 /* SceneDelegate.swift in Sources */ = {isa = PBXBuildFile; fileRef = 1D7FC81529A6750F00C32839 /* SceneDelegate.swift */; };
		1D7FC81E29A6750F00C32839 /* WeatherApp.xcdatamodeld in Sources */ = {isa = PBXBuildFile; fileRef = 1D7FC81C29A6750F00C32839 /* WeatherApp.xcdatamodeld */; };
		1D7FC82029A6751200C32839 /* Assets.xcassets in Resources */ = {isa = PBXBuildFile; fileRef = 1D7FC81F29A6751200C32839 /* Assets.xcassets */; };
		1D7FC82329A6751200C32839 /* LaunchScreen.storyboard in Resources */ = {isa = PBXBuildFile; fileRef = 1D7FC82129A6751200C32839 /* LaunchScreen.storyboard */; };
		1D7FC82F29A68C9C00C32839 /* WeatherTableViewController.swift in Sources */ = {isa = PBXBuildFile; fileRef = 1D7FC82E29A68C9C00C32839 /* WeatherTableViewController.swift */; };
		1D7FC83329A68D3000C32839 /* WeatherViewModel.swift in Sources */ = {isa = PBXBuildFile; fileRef = 1D7FC83229A68D3000C32839 /* WeatherViewModel.swift */; };
		1D7FC83629A68FF600C32839 /* CurrentWeatherModel.swift in Sources */ = {isa = PBXBuildFile; fileRef = 1D7FC83529A68FF600C32839 /* CurrentWeatherModel.swift */; };
		1D7FC83A29A697BA00C32839 /* DailyWeatherTableViewCell.swift in Sources */ = {isa = PBXBuildFile; fileRef = 1D7FC83829A697BA00C32839 /* DailyWeatherTableViewCell.swift */; };
		1D7FC83B29A697BA00C32839 /* DailyWeatherTableViewCell.xib in Resources */ = {isa = PBXBuildFile; fileRef = 1D7FC83929A697BA00C32839 /* DailyWeatherTableViewCell.xib */; };
		1D7FC83F29A698AA00C32839 /* HourlyWeatherTableViewCell.swift in Sources */ = {isa = PBXBuildFile; fileRef = 1D7FC83D29A698AA00C32839 /* HourlyWeatherTableViewCell.swift */; };
		1D7FC84029A698AA00C32839 /* HourlyWeatherTableViewCell.xib in Resources */ = {isa = PBXBuildFile; fileRef = 1D7FC83E29A698AA00C32839 /* HourlyWeatherTableViewCell.xib */; };
		1D7FC84329A69A9E00C32839 /* WeatherService.swift in Sources */ = {isa = PBXBuildFile; fileRef = 1D7FC84229A69A9E00C32839 /* WeatherService.swift */; };
		1D7FC84629A6A5CE00C32839 /* NetworkService.swift in Sources */ = {isa = PBXBuildFile; fileRef = 1D7FC84529A6A5CE00C32839 /* NetworkService.swift */; };
		1D7FC84929A6AE2700C32839 /* URLComponentsExtension.swift in Sources */ = {isa = PBXBuildFile; fileRef = 1D7FC84829A6AE2700C32839 /* URLComponentsExtension.swift */; };
		1D7FC84C29A6C63700C32839 /* WetherRequestResponse.swift in Sources */ = {isa = PBXBuildFile; fileRef = 1D7FC84B29A6C63700C32839 /* WetherRequestResponse.swift */; };
		1D7FC84E29A9F39C00C32839 /* UIImageViewExtension.swift in Sources */ = {isa = PBXBuildFile; fileRef = 1D7FC84D29A9F39C00C32839 /* UIImageViewExtension.swift */; };
		1D7FC85129AA3B9700C32839 /* HourlyWeatherCollectionViewCell.swift in Sources */ = {isa = PBXBuildFile; fileRef = 1D7FC84F29AA3B9600C32839 /* HourlyWeatherCollectionViewCell.swift */; };
		1D7FC85229AA3B9700C32839 /* HourlyWeatherCollectionViewCell.xib in Resources */ = {isa = PBXBuildFile; fileRef = 1D7FC85029AA3B9700C32839 /* HourlyWeatherCollectionViewCell.xib */; };
		1D7FC85429AFDDC000C32839 /* DateHelper.swift in Sources */ = {isa = PBXBuildFile; fileRef = 1D7FC85329AFDDC000C32839 /* DateHelper.swift */; };
		1D7FC85729B1281900C32839 /* WeatherHeaderView.swift in Sources */ = {isa = PBXBuildFile; fileRef = 1D7FC85629B1281900C32839 /* WeatherHeaderView.swift */; };
		1D7FC85929B1289200C32839 /* WeatherHeaderView.xib in Resources */ = {isa = PBXBuildFile; fileRef = 1D7FC85829B1289200C32839 /* WeatherHeaderView.xib */; };
		1D82956229BB932200719F32 /* CacheService.swift in Sources */ = {isa = PBXBuildFile; fileRef = 1D82956129BB932200719F32 /* CacheService.swift */; };
		1D82957529BB93EF00719F32 /* PersistedDailyWeather+CoreDataClass.swift in Sources */ = {isa = PBXBuildFile; fileRef = 1D82956F29BB93EF00719F32 /* PersistedDailyWeather+CoreDataClass.swift */; };
		1D82957729BB93EF00719F32 /* PersistedCurrentWeather+CoreDataClass.swift in Sources */ = {isa = PBXBuildFile; fileRef = 1D82957129BB93EF00719F32 /* PersistedCurrentWeather+CoreDataClass.swift */; };
		1D82957929BB93EF00719F32 /* PersistedHourlyWeather+CoreDataClass.swift in Sources */ = {isa = PBXBuildFile; fileRef = 1D82957329BB93EF00719F32 /* PersistedHourlyWeather+CoreDataClass.swift */; };
		1D82957C29C1173600719F32 /* DailyWeatherModel.swift in Sources */ = {isa = PBXBuildFile; fileRef = 1D82957B29C1173600719F32 /* DailyWeatherModel.swift */; };
		1D8AFADD29D352690004D4EE /* Main.storyboard in Resources */ = {isa = PBXBuildFile; fileRef = 1D8AFADC29D352690004D4EE /* Main.storyboard */; };
/* End PBXBuildFile section */

/* Begin PBXFileReference section */
		1D40F44729CF5DF300FA7762 /* UIBuilder.swift */ = {isa = PBXFileReference; lastKnownFileType = sourcecode.swift; path = UIBuilder.swift; sourceTree = "<group>"; };
		1D40F44F29D2279D00FA7762 /* HourlyWeatherModel.swift */ = {isa = PBXFileReference; lastKnownFileType = sourcecode.swift; path = HourlyWeatherModel.swift; sourceTree = "<group>"; };
		1D7C07F029D34E6C004CA107 /* SharedServices.swift */ = {isa = PBXFileReference; lastKnownFileType = sourcecode.swift; path = SharedServices.swift; sourceTree = "<group>"; };
		1D7FC81029A6750F00C32839 /* WeatherApp.app */ = {isa = PBXFileReference; explicitFileType = wrapper.application; includeInIndex = 0; path = WeatherApp.app; sourceTree = BUILT_PRODUCTS_DIR; };
		1D7FC81329A6750F00C32839 /* AppDelegate.swift */ = {isa = PBXFileReference; lastKnownFileType = sourcecode.swift; path = AppDelegate.swift; sourceTree = "<group>"; };
		1D7FC81529A6750F00C32839 /* SceneDelegate.swift */ = {isa = PBXFileReference; lastKnownFileType = sourcecode.swift; path = SceneDelegate.swift; sourceTree = "<group>"; };
		1D7FC81D29A6750F00C32839 /* WeatherApp.xcdatamodel */ = {isa = PBXFileReference; lastKnownFileType = wrapper.xcdatamodel; path = WeatherApp.xcdatamodel; sourceTree = "<group>"; };
		1D7FC81F29A6751200C32839 /* Assets.xcassets */ = {isa = PBXFileReference; lastKnownFileType = folder.assetcatalog; path = Assets.xcassets; sourceTree = "<group>"; };
		1D7FC82229A6751200C32839 /* Base */ = {isa = PBXFileReference; lastKnownFileType = file.storyboard; name = Base; path = Base.lproj/LaunchScreen.storyboard; sourceTree = "<group>"; };
		1D7FC82429A6751200C32839 /* Info.plist */ = {isa = PBXFileReference; lastKnownFileType = text.plist.xml; path = Info.plist; sourceTree = "<group>"; };
		1D7FC82E29A68C9C00C32839 /* WeatherTableViewController.swift */ = {isa = PBXFileReference; lastKnownFileType = sourcecode.swift; path = WeatherTableViewController.swift; sourceTree = "<group>"; };
		1D7FC83229A68D3000C32839 /* WeatherViewModel.swift */ = {isa = PBXFileReference; lastKnownFileType = sourcecode.swift; path = WeatherViewModel.swift; sourceTree = "<group>"; };
		1D7FC83529A68FF600C32839 /* CurrentWeatherModel.swift */ = {isa = PBXFileReference; lastKnownFileType = sourcecode.swift; path = CurrentWeatherModel.swift; sourceTree = "<group>"; };
		1D7FC83829A697BA00C32839 /* DailyWeatherTableViewCell.swift */ = {isa = PBXFileReference; lastKnownFileType = sourcecode.swift; path = DailyWeatherTableViewCell.swift; sourceTree = "<group>"; };
		1D7FC83929A697BA00C32839 /* DailyWeatherTableViewCell.xib */ = {isa = PBXFileReference; lastKnownFileType = file.xib; path = DailyWeatherTableViewCell.xib; sourceTree = "<group>"; };
		1D7FC83D29A698AA00C32839 /* HourlyWeatherTableViewCell.swift */ = {isa = PBXFileReference; lastKnownFileType = sourcecode.swift; path = HourlyWeatherTableViewCell.swift; sourceTree = "<group>"; };
		1D7FC83E29A698AA00C32839 /* HourlyWeatherTableViewCell.xib */ = {isa = PBXFileReference; lastKnownFileType = file.xib; path = HourlyWeatherTableViewCell.xib; sourceTree = "<group>"; };
		1D7FC84229A69A9E00C32839 /* WeatherService.swift */ = {isa = PBXFileReference; lastKnownFileType = sourcecode.swift; path = WeatherService.swift; sourceTree = "<group>"; };
		1D7FC84529A6A5CE00C32839 /* NetworkService.swift */ = {isa = PBXFileReference; lastKnownFileType = sourcecode.swift; path = NetworkService.swift; sourceTree = "<group>"; };
		1D7FC84829A6AE2700C32839 /* URLComponentsExtension.swift */ = {isa = PBXFileReference; lastKnownFileType = sourcecode.swift; path = URLComponentsExtension.swift; sourceTree = "<group>"; };
		1D7FC84B29A6C63700C32839 /* WetherRequestResponse.swift */ = {isa = PBXFileReference; lastKnownFileType = sourcecode.swift; path = WetherRequestResponse.swift; sourceTree = "<group>"; };
		1D7FC84D29A9F39C00C32839 /* UIImageViewExtension.swift */ = {isa = PBXFileReference; lastKnownFileType = sourcecode.swift; path = UIImageViewExtension.swift; sourceTree = "<group>"; };
		1D7FC84F29AA3B9600C32839 /* HourlyWeatherCollectionViewCell.swift */ = {isa = PBXFileReference; lastKnownFileType = sourcecode.swift; path = HourlyWeatherCollectionViewCell.swift; sourceTree = "<group>"; };
		1D7FC85029AA3B9700C32839 /* HourlyWeatherCollectionViewCell.xib */ = {isa = PBXFileReference; lastKnownFileType = file.xib; path = HourlyWeatherCollectionViewCell.xib; sourceTree = "<group>"; };
		1D7FC85329AFDDC000C32839 /* DateHelper.swift */ = {isa = PBXFileReference; lastKnownFileType = sourcecode.swift; path = DateHelper.swift; sourceTree = "<group>"; };
		1D7FC85629B1281900C32839 /* WeatherHeaderView.swift */ = {isa = PBXFileReference; lastKnownFileType = sourcecode.swift; path = WeatherHeaderView.swift; sourceTree = "<group>"; };
		1D7FC85829B1289200C32839 /* WeatherHeaderView.xib */ = {isa = PBXFileReference; lastKnownFileType = file.xib; path = WeatherHeaderView.xib; sourceTree = "<group>"; };
		1D82956129BB932200719F32 /* CacheService.swift */ = {isa = PBXFileReference; lastKnownFileType = sourcecode.swift; path = CacheService.swift; sourceTree = "<group>"; };
		1D82956F29BB93EF00719F32 /* PersistedDailyWeather+CoreDataClass.swift */ = {isa = PBXFileReference; lastKnownFileType = sourcecode.swift; path = "PersistedDailyWeather+CoreDataClass.swift"; sourceTree = SOURCE_ROOT; };
		1D82957129BB93EF00719F32 /* PersistedCurrentWeather+CoreDataClass.swift */ = {isa = PBXFileReference; lastKnownFileType = sourcecode.swift; path = "PersistedCurrentWeather+CoreDataClass.swift"; sourceTree = SOURCE_ROOT; };
		1D82957329BB93EF00719F32 /* PersistedHourlyWeather+CoreDataClass.swift */ = {isa = PBXFileReference; lastKnownFileType = sourcecode.swift; path = "PersistedHourlyWeather+CoreDataClass.swift"; sourceTree = SOURCE_ROOT; };
		1D82957B29C1173600719F32 /* DailyWeatherModel.swift */ = {isa = PBXFileReference; lastKnownFileType = sourcecode.swift; path = DailyWeatherModel.swift; sourceTree = "<group>"; };
		1D8AFADC29D352690004D4EE /* Main.storyboard */ = {isa = PBXFileReference; fileEncoding = 4; lastKnownFileType = file.storyboard; path = Main.storyboard; sourceTree = "<group>"; };
/* End PBXFileReference section */

/* Begin PBXFrameworksBuildPhase section */
		1D7FC80D29A6750F00C32839 /* Frameworks */ = {
			isa = PBXFrameworksBuildPhase;
			buildActionMask = 2147483647;
			files = (
			);
			runOnlyForDeploymentPostprocessing = 0;
		};
/* End PBXFrameworksBuildPhase section */

/* Begin PBXGroup section */
		1D40F44629CF5DDD00FA7762 /* Common */ = {
			isa = PBXGroup;
			children = (
				1D40F44729CF5DF300FA7762 /* UIBuilder.swift */,
				1D7C07F029D34E6C004CA107 /* SharedServices.swift */,
				1D7FC83429A68FE500C32839 /* Models */,
				1D7FC84129A69A7900C32839 /* Services */,
				1D7FC85529AFE05400C32839 /* Helpers */,
				1D7FC84729A6AE1300C32839 /* Extensions */,
				1D7FC82D29A6766000C32839 /* CoreData */,
			);
			path = Common;
			sourceTree = "<group>";
		};
		1D40F44929CF670300FA7762 /* Weather */ = {
			isa = PBXGroup;
			children = (
				1D7FC84229A69A9E00C32839 /* WeatherService.swift */,
			);
			path = Weather;
			sourceTree = "<group>";
		};
		1D40F44A29CF671D00FA7762 /* Cache */ = {
			isa = PBXGroup;
			children = (
				1D82956129BB932200719F32 /* CacheService.swift */,
			);
			path = Cache;
			sourceTree = "<group>";
		};
		1D7C07F229D35141004CA107 /* Features */ = {
			isa = PBXGroup;
			children = (
				1D7C07F329D35159004CA107 /* WeatherScreen */,
			);
			path = Features;
			sourceTree = "<group>";
		};
		1D7C07F329D35159004CA107 /* WeatherScreen */ = {
			isa = PBXGroup;
			children = (
				1D7C07F429D35171004CA107 /* View */,
				1D7C07F629D35188004CA107 /* ViewModel */,
			);
			path = WeatherScreen;
			sourceTree = "<group>";
		};
		1D7C07F429D35171004CA107 /* View */ = {
			isa = PBXGroup;
			children = (
				1D8AFAE229D3539C0004D4EE /* HeaderView */,
				1D8AFADE29D353220004D4EE /* Cells */,
				1D7C07F529D3517A004CA107 /* ViewController */,
			);
			path = View;
			sourceTree = "<group>";
		};
		1D7C07F529D3517A004CA107 /* ViewController */ = {
			isa = PBXGroup;
			children = (
				1D7FC82E29A68C9C00C32839 /* WeatherTableViewController.swift */,
				1D8AFADC29D352690004D4EE /* Main.storyboard */,
			);
			path = ViewController;
			sourceTree = "<group>";
		};
		1D7C07F629D35188004CA107 /* ViewModel */ = {
			isa = PBXGroup;
			children = (
				1D7FC83229A68D3000C32839 /* WeatherViewModel.swift */,
			);
			path = ViewModel;
			sourceTree = "<group>";
		};
		1D7FC80729A6750F00C32839 = {
			isa = PBXGroup;
			children = (
				1D7FC82A29A675F300C32839 /* Sources */,
				1D7FC82B29A675FE00C32839 /* Resources */,
				1D7FC81129A6750F00C32839 /* Products */,
			);
			sourceTree = "<group>";
		};
		1D7FC81129A6750F00C32839 /* Products */ = {
			isa = PBXGroup;
			children = (
				1D7FC81029A6750F00C32839 /* WeatherApp.app */,
			);
			name = Products;
			sourceTree = "<group>";
		};
		1D7FC82A29A675F300C32839 /* Sources */ = {
			isa = PBXGroup;
			children = (
				1D7FC82C29A6764A00C32839 /* App */,
				1D40F44629CF5DDD00FA7762 /* Common */,
				1D7C07F229D35141004CA107 /* Features */,
			);
			path = Sources;
			sourceTree = "<group>";
		};
		1D7FC82B29A675FE00C32839 /* Resources */ = {
			isa = PBXGroup;
			children = (
				1D7FC81F29A6751200C32839 /* Assets.xcassets */,
				1D7FC82129A6751200C32839 /* LaunchScreen.storyboard */,
				1D7FC82429A6751200C32839 /* Info.plist */,
			);
			path = Resources;
			sourceTree = "<group>";
		};
		1D7FC82C29A6764A00C32839 /* App */ = {
			isa = PBXGroup;
			children = (
				1D7FC81329A6750F00C32839 /* AppDelegate.swift */,
				1D7FC81529A6750F00C32839 /* SceneDelegate.swift */,
			);
			path = App;
			sourceTree = "<group>";
		};
		1D7FC82D29A6766000C32839 /* CoreData */ = {
			isa = PBXGroup;
			children = (
				1D82957129BB93EF00719F32 /* PersistedCurrentWeather+CoreDataClass.swift */,
				1D82956F29BB93EF00719F32 /* PersistedDailyWeather+CoreDataClass.swift */,
				1D82957329BB93EF00719F32 /* PersistedHourlyWeather+CoreDataClass.swift */,
				1D7FC81C29A6750F00C32839 /* WeatherApp.xcdatamodeld */,
			);
			path = CoreData;
			sourceTree = "<group>";
		};
		1D7FC83429A68FE500C32839 /* Models */ = {
			isa = PBXGroup;
			children = (
				1D7FC83529A68FF600C32839 /* CurrentWeatherModel.swift */,
				1D82957B29C1173600719F32 /* DailyWeatherModel.swift */,
				1D40F44F29D2279D00FA7762 /* HourlyWeatherModel.swift */,
			);
			path = Models;
			sourceTree = "<group>";
		};
		1D7FC84129A69A7900C32839 /* Services */ = {
			isa = PBXGroup;
			children = (
				1D7FC84A29A6C61300C32839 /* Network */,
				1D40F44929CF670300FA7762 /* Weather */,
				1D40F44A29CF671D00FA7762 /* Cache */,
			);
			path = Services;
			sourceTree = "<group>";
		};
		1D7FC84729A6AE1300C32839 /* Extensions */ = {
			isa = PBXGroup;
			children = (
				1D7FC84829A6AE2700C32839 /* URLComponentsExtension.swift */,
				1D7FC84D29A9F39C00C32839 /* UIImageViewExtension.swift */,
			);
			path = Extensions;
			sourceTree = "<group>";
		};
		1D7FC84A29A6C61300C32839 /* Network */ = {
			isa = PBXGroup;
			children = (
				1D7FC84529A6A5CE00C32839 /* NetworkService.swift */,
				1D7FC84B29A6C63700C32839 /* WetherRequestResponse.swift */,
			);
			path = Network;
			sourceTree = "<group>";
		};
		1D7FC85529AFE05400C32839 /* Helpers */ = {
			isa = PBXGroup;
			children = (
				1D7FC85329AFDDC000C32839 /* DateHelper.swift */,
			);
			path = Helpers;
			sourceTree = "<group>";
		};
		1D8AFADE29D353220004D4EE /* Cells */ = {
			isa = PBXGroup;
			children = (
				1D8AFADF29D353400004D4EE /* DailyWeatherCell */,
				1D8AFAE029D353520004D4EE /* HourlyWeatherCell */,
			);
			path = Cells;
			sourceTree = "<group>";
		};
		1D8AFADF29D353400004D4EE /* DailyWeatherCell */ = {
			isa = PBXGroup;
			children = (
				1D7FC83829A697BA00C32839 /* DailyWeatherTableViewCell.swift */,
				1D7FC83929A697BA00C32839 /* DailyWeatherTableViewCell.xib */,
			);
			path = DailyWeatherCell;
			sourceTree = "<group>";
		};
		1D8AFAE029D353520004D4EE /* HourlyWeatherCell */ = {
			isa = PBXGroup;
			children = (
				1D7FC83D29A698AA00C32839 /* HourlyWeatherTableViewCell.swift */,
				1D7FC83E29A698AA00C32839 /* HourlyWeatherTableViewCell.xib */,
				1D7FC84F29AA3B9600C32839 /* HourlyWeatherCollectionViewCell.swift */,
				1D7FC85029AA3B9700C32839 /* HourlyWeatherCollectionViewCell.xib */,
			);
			path = HourlyWeatherCell;
			sourceTree = "<group>";
		};
		1D8AFAE229D3539C0004D4EE /* HeaderView */ = {
			isa = PBXGroup;
			children = (
				1D7FC85629B1281900C32839 /* WeatherHeaderView.swift */,
				1D7FC85829B1289200C32839 /* WeatherHeaderView.xib */,
			);
			path = HeaderView;
			sourceTree = "<group>";
		};
/* End PBXGroup section */

/* Begin PBXNativeTarget section */
		1D7FC80F29A6750F00C32839 /* WeatherApp */ = {
			isa = PBXNativeTarget;
			buildConfigurationList = 1D7FC82729A6751200C32839 /* Build configuration list for PBXNativeTarget "WeatherApp" */;
			buildPhases = (
				1D7FC80C29A6750F00C32839 /* Sources */,
				1D7FC80D29A6750F00C32839 /* Frameworks */,
				1D7FC80E29A6750F00C32839 /* Resources */,
			);
			buildRules = (
			);
			dependencies = (
			);
			name = WeatherApp;
			productName = WeatherApp;
			productReference = 1D7FC81029A6750F00C32839 /* WeatherApp.app */;
			productType = "com.apple.product-type.application";
		};
/* End PBXNativeTarget section */

/* Begin PBXProject section */
		1D7FC80829A6750F00C32839 /* Project object */ = {
			isa = PBXProject;
			attributes = {
				BuildIndependentTargetsInParallel = 1;
				LastSwiftUpdateCheck = 1420;
				LastUpgradeCheck = 1420;
				TargetAttributes = {
					1D7FC80F29A6750F00C32839 = {
						CreatedOnToolsVersion = 14.2;
					};
				};
			};
			buildConfigurationList = 1D7FC80B29A6750F00C32839 /* Build configuration list for PBXProject "WeatherApp" */;
			compatibilityVersion = "Xcode 14.0";
			developmentRegion = en;
			hasScannedForEncodings = 0;
			knownRegions = (
				en,
				Base,
			);
			mainGroup = 1D7FC80729A6750F00C32839;
			productRefGroup = 1D7FC81129A6750F00C32839 /* Products */;
			projectDirPath = "";
			projectRoot = "";
			targets = (
				1D7FC80F29A6750F00C32839 /* WeatherApp */,
			);
		};
/* End PBXProject section */

/* Begin PBXResourcesBuildPhase section */
		1D7FC80E29A6750F00C32839 /* Resources */ = {
			isa = PBXResourcesBuildPhase;
			buildActionMask = 2147483647;
			files = (
				1D8AFADD29D352690004D4EE /* Main.storyboard in Resources */,
				1D7FC84029A698AA00C32839 /* HourlyWeatherTableViewCell.xib in Resources */,
				1D7FC83B29A697BA00C32839 /* DailyWeatherTableViewCell.xib in Resources */,
				1D7FC85929B1289200C32839 /* WeatherHeaderView.xib in Resources */,
				1D7FC85229AA3B9700C32839 /* HourlyWeatherCollectionViewCell.xib in Resources */,
				1D7FC82329A6751200C32839 /* LaunchScreen.storyboard in Resources */,
				1D7FC82029A6751200C32839 /* Assets.xcassets in Resources */,
			);
			runOnlyForDeploymentPostprocessing = 0;
		};
/* End PBXResourcesBuildPhase section */

/* Begin PBXSourcesBuildPhase section */
		1D7FC80C29A6750F00C32839 /* Sources */ = {
			isa = PBXSourcesBuildPhase;
			buildActionMask = 2147483647;
			files = (
				1D7FC85429AFDDC000C32839 /* DateHelper.swift in Sources */,
				1D7FC84629A6A5CE00C32839 /* NetworkService.swift in Sources */,
				1D7FC83329A68D3000C32839 /* WeatherViewModel.swift in Sources */,
				1D7FC85129AA3B9700C32839 /* HourlyWeatherCollectionViewCell.swift in Sources */,
				1D7FC82F29A68C9C00C32839 /* WeatherTableViewController.swift in Sources */,
				1D40F44829CF5DF300FA7762 /* UIBuilder.swift in Sources */,
				1D7FC83F29A698AA00C32839 /* HourlyWeatherTableViewCell.swift in Sources */,
				1D7FC85729B1281900C32839 /* WeatherHeaderView.swift in Sources */,
				1D40F45029D2279D00FA7762 /* HourlyWeatherModel.swift in Sources */,
				1D82957929BB93EF00719F32 /* PersistedHourlyWeather+CoreDataClass.swift in Sources */,
				1D7C07F129D34E6C004CA107 /* SharedServices.swift in Sources */,
				1D82957729BB93EF00719F32 /* PersistedCurrentWeather+CoreDataClass.swift in Sources */,
				1D7FC83A29A697BA00C32839 /* DailyWeatherTableViewCell.swift in Sources */,
				1D7FC84C29A6C63700C32839 /* WetherRequestResponse.swift in Sources */,
				1D7FC81E29A6750F00C32839 /* WeatherApp.xcdatamodeld in Sources */,
				1D82957529BB93EF00719F32 /* PersistedDailyWeather+CoreDataClass.swift in Sources */,
				1D7FC81429A6750F00C32839 /* AppDelegate.swift in Sources */,
				1D82957C29C1173600719F32 /* DailyWeatherModel.swift in Sources */,
				1D7FC83629A68FF600C32839 /* CurrentWeatherModel.swift in Sources */,
				1D7FC84329A69A9E00C32839 /* WeatherService.swift in Sources */,
				1D7FC81629A6750F00C32839 /* SceneDelegate.swift in Sources */,
				1D7FC84E29A9F39C00C32839 /* UIImageViewExtension.swift in Sources */,
				1D7FC84929A6AE2700C32839 /* URLComponentsExtension.swift in Sources */,
				1D82956229BB932200719F32 /* CacheService.swift in Sources */,
			);
			runOnlyForDeploymentPostprocessing = 0;
		};
/* End PBXSourcesBuildPhase section */

/* Begin PBXVariantGroup section */
		1D7FC82129A6751200C32839 /* LaunchScreen.storyboard */ = {
			isa = PBXVariantGroup;
			children = (
				1D7FC82229A6751200C32839 /* Base */,
			);
			name = LaunchScreen.storyboard;
			sourceTree = "<group>";
		};
/* End PBXVariantGroup section */

/* Begin XCBuildConfiguration section */
		1D7FC82529A6751200C32839 /* Debug */ = {
			isa = XCBuildConfiguration;
			buildSettings = {
				ALWAYS_SEARCH_USER_PATHS = NO;
				CLANG_ANALYZER_NONNULL = YES;
				CLANG_ANALYZER_NUMBER_OBJECT_CONVERSION = YES_AGGRESSIVE;
				CLANG_CXX_LANGUAGE_STANDARD = "gnu++20";
				CLANG_ENABLE_MODULES = YES;
				CLANG_ENABLE_OBJC_ARC = YES;
				CLANG_ENABLE_OBJC_WEAK = YES;
				CLANG_WARN_BLOCK_CAPTURE_AUTORELEASING = YES;
				CLANG_WARN_BOOL_CONVERSION = YES;
				CLANG_WARN_COMMA = YES;
				CLANG_WARN_CONSTANT_CONVERSION = YES;
				CLANG_WARN_DEPRECATED_OBJC_IMPLEMENTATIONS = YES;
				CLANG_WARN_DIRECT_OBJC_ISA_USAGE = YES_ERROR;
				CLANG_WARN_DOCUMENTATION_COMMENTS = YES;
				CLANG_WARN_EMPTY_BODY = YES;
				CLANG_WARN_ENUM_CONVERSION = YES;
				CLANG_WARN_INFINITE_RECURSION = YES;
				CLANG_WARN_INT_CONVERSION = YES;
				CLANG_WARN_NON_LITERAL_NULL_CONVERSION = YES;
				CLANG_WARN_OBJC_IMPLICIT_RETAIN_SELF = YES;
				CLANG_WARN_OBJC_LITERAL_CONVERSION = YES;
				CLANG_WARN_OBJC_ROOT_CLASS = YES_ERROR;
				CLANG_WARN_QUOTED_INCLUDE_IN_FRAMEWORK_HEADER = YES;
				CLANG_WARN_RANGE_LOOP_ANALYSIS = YES;
				CLANG_WARN_STRICT_PROTOTYPES = YES;
				CLANG_WARN_SUSPICIOUS_MOVE = YES;
				CLANG_WARN_UNGUARDED_AVAILABILITY = YES_AGGRESSIVE;
				CLANG_WARN_UNREACHABLE_CODE = YES;
				CLANG_WARN__DUPLICATE_METHOD_MATCH = YES;
				COPY_PHASE_STRIP = NO;
				DEBUG_INFORMATION_FORMAT = dwarf;
				ENABLE_STRICT_OBJC_MSGSEND = YES;
				ENABLE_TESTABILITY = YES;
				GCC_C_LANGUAGE_STANDARD = gnu11;
				GCC_DYNAMIC_NO_PIC = NO;
				GCC_NO_COMMON_BLOCKS = YES;
				GCC_OPTIMIZATION_LEVEL = 0;
				GCC_PREPROCESSOR_DEFINITIONS = (
					"DEBUG=1",
					"$(inherited)",
				);
				GCC_WARN_64_TO_32_BIT_CONVERSION = YES;
				GCC_WARN_ABOUT_RETURN_TYPE = YES_ERROR;
				GCC_WARN_UNDECLARED_SELECTOR = YES;
				GCC_WARN_UNINITIALIZED_AUTOS = YES_AGGRESSIVE;
				GCC_WARN_UNUSED_FUNCTION = YES;
				GCC_WARN_UNUSED_VARIABLE = YES;
				IPHONEOS_DEPLOYMENT_TARGET = 16.2;
				MTL_ENABLE_DEBUG_INFO = INCLUDE_SOURCE;
				MTL_FAST_MATH = YES;
				ONLY_ACTIVE_ARCH = YES;
				SDKROOT = iphoneos;
				SWIFT_ACTIVE_COMPILATION_CONDITIONS = DEBUG;
				SWIFT_OPTIMIZATION_LEVEL = "-Onone";
			};
			name = Debug;
		};
		1D7FC82629A6751200C32839 /* Release */ = {
			isa = XCBuildConfiguration;
			buildSettings = {
				ALWAYS_SEARCH_USER_PATHS = NO;
				CLANG_ANALYZER_NONNULL = YES;
				CLANG_ANALYZER_NUMBER_OBJECT_CONVERSION = YES_AGGRESSIVE;
				CLANG_CXX_LANGUAGE_STANDARD = "gnu++20";
				CLANG_ENABLE_MODULES = YES;
				CLANG_ENABLE_OBJC_ARC = YES;
				CLANG_ENABLE_OBJC_WEAK = YES;
				CLANG_WARN_BLOCK_CAPTURE_AUTORELEASING = YES;
				CLANG_WARN_BOOL_CONVERSION = YES;
				CLANG_WARN_COMMA = YES;
				CLANG_WARN_CONSTANT_CONVERSION = YES;
				CLANG_WARN_DEPRECATED_OBJC_IMPLEMENTATIONS = YES;
				CLANG_WARN_DIRECT_OBJC_ISA_USAGE = YES_ERROR;
				CLANG_WARN_DOCUMENTATION_COMMENTS = YES;
				CLANG_WARN_EMPTY_BODY = YES;
				CLANG_WARN_ENUM_CONVERSION = YES;
				CLANG_WARN_INFINITE_RECURSION = YES;
				CLANG_WARN_INT_CONVERSION = YES;
				CLANG_WARN_NON_LITERAL_NULL_CONVERSION = YES;
				CLANG_WARN_OBJC_IMPLICIT_RETAIN_SELF = YES;
				CLANG_WARN_OBJC_LITERAL_CONVERSION = YES;
				CLANG_WARN_OBJC_ROOT_CLASS = YES_ERROR;
				CLANG_WARN_QUOTED_INCLUDE_IN_FRAMEWORK_HEADER = YES;
				CLANG_WARN_RANGE_LOOP_ANALYSIS = YES;
				CLANG_WARN_STRICT_PROTOTYPES = YES;
				CLANG_WARN_SUSPICIOUS_MOVE = YES;
				CLANG_WARN_UNGUARDED_AVAILABILITY = YES_AGGRESSIVE;
				CLANG_WARN_UNREACHABLE_CODE = YES;
				CLANG_WARN__DUPLICATE_METHOD_MATCH = YES;
				COPY_PHASE_STRIP = NO;
				DEBUG_INFORMATION_FORMAT = "dwarf-with-dsym";
				ENABLE_NS_ASSERTIONS = NO;
				ENABLE_STRICT_OBJC_MSGSEND = YES;
				GCC_C_LANGUAGE_STANDARD = gnu11;
				GCC_NO_COMMON_BLOCKS = YES;
				GCC_WARN_64_TO_32_BIT_CONVERSION = YES;
				GCC_WARN_ABOUT_RETURN_TYPE = YES_ERROR;
				GCC_WARN_UNDECLARED_SELECTOR = YES;
				GCC_WARN_UNINITIALIZED_AUTOS = YES_AGGRESSIVE;
				GCC_WARN_UNUSED_FUNCTION = YES;
				GCC_WARN_UNUSED_VARIABLE = YES;
				IPHONEOS_DEPLOYMENT_TARGET = 16.2;
				MTL_ENABLE_DEBUG_INFO = NO;
				MTL_FAST_MATH = YES;
				SDKROOT = iphoneos;
				SWIFT_COMPILATION_MODE = wholemodule;
				SWIFT_OPTIMIZATION_LEVEL = "-O";
				VALIDATE_PRODUCT = YES;
			};
			name = Release;
		};
		1D7FC82829A6751200C32839 /* Debug */ = {
			isa = XCBuildConfiguration;
			buildSettings = {
				ASSETCATALOG_COMPILER_APPICON_NAME = AppIcon;
				ASSETCATALOG_COMPILER_GLOBAL_ACCENT_COLOR_NAME = AccentColor;
				CODE_SIGN_STYLE = Automatic;
				CURRENT_PROJECT_VERSION = 1;
				DEVELOPMENT_TEAM = CHL34W9FC3;
				GENERATE_INFOPLIST_FILE = YES;
				INFOPLIST_FILE = Resources/Info.plist;
				INFOPLIST_KEY_NSLocationAlwaysAndWhenInUseUsageDescription = "Please allow location to see local weather";
				INFOPLIST_KEY_NSLocationWhenInUseUsageDescription = "Please allow location to see local weather";
				INFOPLIST_KEY_UIApplicationSupportsIndirectInputEvents = YES;
				INFOPLIST_KEY_UILaunchStoryboardName = LaunchScreen.storyboard;
				INFOPLIST_KEY_UIMainStoryboardFile = Main;
				INFOPLIST_KEY_UISupportedInterfaceOrientations = UIInterfaceOrientationPortrait;
				INFOPLIST_KEY_UISupportedInterfaceOrientations_iPad = "UIInterfaceOrientationLandscapeLeft UIInterfaceOrientationLandscapeRight UIInterfaceOrientationPortrait UIInterfaceOrientationPortraitUpsideDown";
				INFOPLIST_KEY_UIUserInterfaceStyle = Light;
				LD_RUNPATH_SEARCH_PATHS = (
					"$(inherited)",
					"@executable_path/Frameworks",
				);
				MARKETING_VERSION = 1.0;
				PRODUCT_BUNDLE_IDENTIFIER = hello.WeatherApp1111;
				PRODUCT_NAME = "$(TARGET_NAME)";
				SUPPORTED_PLATFORMS = "iphoneos iphonesimulator";
				SUPPORTS_MACCATALYST = NO;
				SUPPORTS_MAC_DESIGNED_FOR_IPHONE_IPAD = NO;
				SWIFT_EMIT_LOC_STRINGS = YES;
				SWIFT_VERSION = 5.0;
				TARGETED_DEVICE_FAMILY = 1;
			};
			name = Debug;
		};
		1D7FC82929A6751200C32839 /* Release */ = {
			isa = XCBuildConfiguration;
			buildSettings = {
				ASSETCATALOG_COMPILER_APPICON_NAME = AppIcon;
				ASSETCATALOG_COMPILER_GLOBAL_ACCENT_COLOR_NAME = AccentColor;
				CODE_SIGN_STYLE = Automatic;
				CURRENT_PROJECT_VERSION = 1;
				DEVELOPMENT_TEAM = CHL34W9FC3;
				GENERATE_INFOPLIST_FILE = YES;
				INFOPLIST_FILE = Resources/Info.plist;
				INFOPLIST_KEY_NSLocationAlwaysAndWhenInUseUsageDescription = "Please allow location to see local weather";
				INFOPLIST_KEY_NSLocationWhenInUseUsageDescription = "Please allow location to see local weather";
				INFOPLIST_KEY_UIApplicationSupportsIndirectInputEvents = YES;
				INFOPLIST_KEY_UILaunchStoryboardName = LaunchScreen.storyboard;
				INFOPLIST_KEY_UIMainStoryboardFile = Main;
				INFOPLIST_KEY_UISupportedInterfaceOrientations = UIInterfaceOrientationPortrait;
				INFOPLIST_KEY_UISupportedInterfaceOrientations_iPad = "UIInterfaceOrientationLandscapeLeft UIInterfaceOrientationLandscapeRight UIInterfaceOrientationPortrait UIInterfaceOrientationPortraitUpsideDown";
				INFOPLIST_KEY_UIUserInterfaceStyle = Light;
				LD_RUNPATH_SEARCH_PATHS = (
					"$(inherited)",
					"@executable_path/Frameworks",
				);
				MARKETING_VERSION = 1.0;
				PRODUCT_BUNDLE_IDENTIFIER = hello.WeatherApp1111;
				PRODUCT_NAME = "$(TARGET_NAME)";
				SUPPORTED_PLATFORMS = "iphoneos iphonesimulator";
				SUPPORTS_MACCATALYST = NO;
				SUPPORTS_MAC_DESIGNED_FOR_IPHONE_IPAD = NO;
				SWIFT_EMIT_LOC_STRINGS = YES;
				SWIFT_VERSION = 5.0;
				TARGETED_DEVICE_FAMILY = 1;
			};
			name = Release;
		};
/* End XCBuildConfiguration section */

/* Begin XCConfigurationList section */
		1D7FC80B29A6750F00C32839 /* Build configuration list for PBXProject "WeatherApp" */ = {
			isa = XCConfigurationList;
			buildConfigurations = (
				1D7FC82529A6751200C32839 /* Debug */,
				1D7FC82629A6751200C32839 /* Release */,
			);
			defaultConfigurationIsVisible = 0;
			defaultConfigurationName = Release;
		};
		1D7FC82729A6751200C32839 /* Build configuration list for PBXNativeTarget "WeatherApp" */ = {
			isa = XCConfigurationList;
			buildConfigurations = (
				1D7FC82829A6751200C32839 /* Debug */,
				1D7FC82929A6751200C32839 /* Release */,
			);
			defaultConfigurationIsVisible = 0;
			defaultConfigurationName = Release;
		};
/* End XCConfigurationList section */

/* Begin XCVersionGroup section */
		1D7FC81C29A6750F00C32839 /* WeatherApp.xcdatamodeld */ = {
			isa = XCVersionGroup;
			children = (
				1D7FC81D29A6750F00C32839 /* WeatherApp.xcdatamodel */,
			);
			currentVersion = 1D7FC81D29A6750F00C32839 /* WeatherApp.xcdatamodel */;
			path = WeatherApp.xcdatamodeld;
			sourceTree = "<group>";
			versionGroupType = wrapper.xcdatamodel;
		};
/* End XCVersionGroup section */
	};
	rootObject = 1D7FC80829A6750F00C32839 /* Project object */;
}
